
Microsoft Visual Studio Solution File, Format Version 12.00
# Visual Studio Version 16
VisualStudioVersion = 16.0.28803.452
MinimumVisualStudioVersion = 10.0.40219.1
Project("{FAE04EC0-301F-11D3-BF4B-00C04F79EFBC}") = "ProjetoCanaldeHidraulica", "ProjetoCanaldeHidraulica.csproj", "{FB850BB0-2A6F-4DD5-9C3F-4DC5F847ACD7}"
EndProject
Global
	GlobalSection(SolutionConfigurationPlatforms) = preSolution
		Debug|Any CPU = Debug|Any CPU
		Release|Any CPU = Release|Any CPU
	EndGlobalSection
	GlobalSection(ProjectConfigurationPlatforms) = postSolution
		{FB850BB0-2A6F-4DD5-9C3F-4DC5F847ACD7}.Debug|Any CPU.ActiveCfg = Debug|Any CPU
		{FB850BB0-2A6F-4DD5-9C3F-4DC5F847ACD7}.Debug|Any CPU.Build.0 = Debug|Any CPU
		{FB850BB0-2A6F-4DD5-9C3F-4DC5F847ACD7}.Release|Any CPU.ActiveCfg = Release|Any CPU
		{FB850BB0-2A6F-4DD5-9C3F-4DC5F847ACD7}.Release|Any CPU.Build.0 = Release|Any CPU
	EndGlobalSection
	GlobalSection(SolutionProperties) = preSolution
		HideSolutionNode = FALSE
	EndGlobalSection
	GlobalSection(ExtensibilityGlobals) = postSolution
		SolutionGuid = {59ED6331-5357-4BA5-8616-BBD6AB08167E}
	EndGlobalSection
EndGlobal
